// !$*UTF8*$!
{
	archiveVersion = 1;
	classes = {
	};
	objectVersion = 45;
	objects = {

/* Begin PBXBuildFile section */
		2925E54711F49D3600D61772 /* ARControllerViewAugmentedReality.h in Headers */ = {isa = PBXBuildFile; fileRef = 2925E53211F49D3600D61772 /* ARControllerViewAugmentedReality.h */; };
		2925E54811F49D3600D61772 /* ARControllerViewAugmentedReality.m in Sources */ = {isa = PBXBuildFile; fileRef = 2925E53311F49D3600D61772 /* ARControllerViewAugmentedReality.m */; };
		2925E54911F49D3600D61772 /* ARControllerView.h in Headers */ = {isa = PBXBuildFile; fileRef = 2925E53411F49D3600D61772 /* ARControllerView.h */; };
		2925E54A11F49D3600D61772 /* ARControllerView.m in Sources */ = {isa = PBXBuildFile; fileRef = 2925E53511F49D3600D61772 /* ARControllerView.m */; };
		2925E54B11F49D3600D61772 /* ARGeoLocation.h in Headers */ = {isa = PBXBuildFile; fileRef = 2925E53611F49D3600D61772 /* ARGeoLocation.h */; };
		2925E54C11F49D3600D61772 /* ARGeoLocation.m in Sources */ = {isa = PBXBuildFile; fileRef = 2925E53711F49D3600D61772 /* ARGeoLocation.m */; };
		2925E54D11F49D3600D61772 /* ARLocatingService.m in Sources */ = {isa = PBXBuildFile; fileRef = 2925E53811F49D3600D61772 /* ARLocatingService.m */; };
		2925E54E11F49D3600D61772 /* ARNotificationCenter.h in Headers */ = {isa = PBXBuildFile; fileRef = 2925E53911F49D3600D61772 /* ARNotificationCenter.h */; };
		2925E54F11F49D3600D61772 /* ARNotificationCenter.m in Sources */ = {isa = PBXBuildFile; fileRef = 2925E53A11F49D3600D61772 /* ARNotificationCenter.m */; };
		2925E55011F49D3600D61772 /* ARObject.h in Headers */ = {isa = PBXBuildFile; fileRef = 2925E53B11F49D3600D61772 /* ARObject.h */; };
		2925E55111F49D3600D61772 /* ARObject.m in Sources */ = {isa = PBXBuildFile; fileRef = 2925E53C11F49D3600D61772 /* ARObject.m */; };
		2925E55211F49D3600D61772 /* ARObjectDelegate.h in Headers */ = {isa = PBXBuildFile; fileRef = 2925E53D11F49D3600D61772 /* ARObjectDelegate.h */; };
		2925E55311F49D3600D61772 /* ARObjectViewTriple.h in Headers */ = {isa = PBXBuildFile; fileRef = 2925E53E11F49D3600D61772 /* ARObjectViewTriple.h */; };
		2925E55411F49D3600D61772 /* ARObjectViewTriple.m in Sources */ = {isa = PBXBuildFile; fileRef = 2925E53F11F49D3600D61772 /* ARObjectViewTriple.m */; };
		2925E55511F49D3600D61772 /* ARControllerViewRadar.h in Headers */ = {isa = PBXBuildFile; fileRef = 2925E54011F49D3600D61772 /* ARControllerViewRadar.h */; };
		2925E55611F49D3600D61772 /* ARControllerViewRadar.m in Sources */ = {isa = PBXBuildFile; fileRef = 2925E54111F49D3600D61772 /* ARControllerViewRadar.m */; };
		2925E55711F49D3600D61772 /* ARView.h in Headers */ = {isa = PBXBuildFile; fileRef = 2925E54211F49D3600D61772 /* ARView.h */; };
		2925E55811F49D3600D61772 /* ARView.m in Sources */ = {isa = PBXBuildFile; fileRef = 2925E54311F49D3600D61772 /* ARView.m */; };
		2925E55911F49D3600D61772 /* ARControllerViewDelegate.h in Headers */ = {isa = PBXBuildFile; fileRef = 2925E54411F49D3600D61772 /* ARControllerViewDelegate.h */; };
		2925E55A11F49D3600D61772 /* ARViewDelegate.h in Headers */ = {isa = PBXBuildFile; fileRef = 2925E54511F49D3600D61772 /* ARViewDelegate.h */; };
		2925E55B11F49D3600D61772 /* Utils.h in Headers */ = {isa = PBXBuildFile; fileRef = 2925E54611F49D3600D61772 /* Utils.h */; };
		29489B4411ED15A2005B6F07 /* ARLocatingService.h in Headers */ = {isa = PBXBuildFile; fileRef = 29489B4211ED15A2005B6F07 /* ARLocatingService.h */; };
		2984C1E111F5E78900240B85 /* Utils.m in Sources */ = {isa = PBXBuildFile; fileRef = 2984C1E011F5E78900240B85 /* Utils.m */; };
		298969E711F49368005256D8 /* CoreLocation.framework in Frameworks */ = {isa = PBXBuildFile; fileRef = 298969E611F49368005256D8 /* CoreLocation.framework */; };
		298969EB11F4937B005256D8 /* QuartzCore.framework in Frameworks */ = {isa = PBXBuildFile; fileRef = 298969EA11F4937B005256D8 /* QuartzCore.framework */; };
		29896A3911F495B6005256D8 /* UIKit.framework in Frameworks */ = {isa = PBXBuildFile; fileRef = 29896A3811F495B6005256D8 /* UIKit.framework */; };
		299891A311EF6B1400681777 /* Foundation.framework in Frameworks */ = {isa = PBXBuildFile; fileRef = 299891A211EF6B1400681777 /* Foundation.framework */; };
		AA747D9F0F9514B9006C5449 /* nARLib_Prefix.pch in Headers */ = {isa = PBXBuildFile; fileRef = AA747D9E0F9514B9006C5449 /* nARLib_Prefix.pch */; };
/* End PBXBuildFile section */

/* Begin PBXFileReference section */
		2925E53211F49D3600D61772 /* ARControllerViewAugmentedReality.h */ = {isa = PBXFileReference; fileEncoding = 4; lastKnownFileType = sourcecode.c.h; name = ARControllerViewAugmentedReality.h; path = Classes/ARControllerViewAugmentedReality.h; sourceTree = "<group>"; };
		2925E53311F49D3600D61772 /* ARControllerViewAugmentedReality.m */ = {isa = PBXFileReference; fileEncoding = 4; lastKnownFileType = sourcecode.c.objc; name = ARControllerViewAugmentedReality.m; path = Classes/ARControllerViewAugmentedReality.m; sourceTree = "<group>"; };
		2925E53411F49D3600D61772 /* ARControllerView.h */ = {isa = PBXFileReference; fileEncoding = 4; lastKnownFileType = sourcecode.c.h; name = ARControllerView.h; path = Classes/ARControllerView.h; sourceTree = "<group>"; };
		2925E53511F49D3600D61772 /* ARControllerView.m */ = {isa = PBXFileReference; fileEncoding = 4; lastKnownFileType = sourcecode.c.objc; name = ARControllerView.m; path = Classes/ARControllerView.m; sourceTree = "<group>"; };
		2925E53611F49D3600D61772 /* ARGeoLocation.h */ = {isa = PBXFileReference; fileEncoding = 4; lastKnownFileType = sourcecode.c.h; name = ARGeoLocation.h; path = Classes/ARGeoLocation.h; sourceTree = "<group>"; };
		2925E53711F49D3600D61772 /* ARGeoLocation.m */ = {isa = PBXFileReference; fileEncoding = 4; lastKnownFileType = sourcecode.c.objc; name = ARGeoLocation.m; path = Classes/ARGeoLocation.m; sourceTree = "<group>"; };
		2925E53811F49D3600D61772 /* ARLocatingService.m */ = {isa = PBXFileReference; fileEncoding = 4; lastKnownFileType = sourcecode.c.objc; name = ARLocatingService.m; path = Classes/ARLocatingService.m; sourceTree = "<group>"; };
		2925E53911F49D3600D61772 /* ARNotificationCenter.h */ = {isa = PBXFileReference; fileEncoding = 4; lastKnownFileType = sourcecode.c.h; name = ARNotificationCenter.h; path = Classes/ARNotificationCenter.h; sourceTree = "<group>"; };
		2925E53A11F49D3600D61772 /* ARNotificationCenter.m */ = {isa = PBXFileReference; fileEncoding = 4; lastKnownFileType = sourcecode.c.objc; name = ARNotificationCenter.m; path = Classes/ARNotificationCenter.m; sourceTree = "<group>"; };
		2925E53B11F49D3600D61772 /* ARObject.h */ = {isa = PBXFileReference; fileEncoding = 4; lastKnownFileType = sourcecode.c.h; name = ARObject.h; path = Classes/ARObject.h; sourceTree = "<group>"; };
		2925E53C11F49D3600D61772 /* ARObject.m */ = {isa = PBXFileReference; fileEncoding = 4; lastKnownFileType = sourcecode.c.objc; name = ARObject.m; path = Classes/ARObject.m; sourceTree = "<group>"; };
		2925E53D11F49D3600D61772 /* ARObjectDelegate.h */ = {isa = PBXFileReference; fileEncoding = 4; lastKnownFileType = sourcecode.c.h; name = ARObjectDelegate.h; path = Classes/ARObjectDelegate.h; sourceTree = "<group>"; };
		2925E53E11F49D3600D61772 /* ARObjectViewTriple.h */ = {isa = PBXFileReference; fileEncoding = 4; lastKnownFileType = sourcecode.c.h; name = ARObjectViewTriple.h; path = Classes/ARObjectViewTriple.h; sourceTree = "<group>"; };
		2925E53F11F49D3600D61772 /* ARObjectViewTriple.m */ = {isa = PBXFileReference; fileEncoding = 4; lastKnownFileType = sourcecode.c.objc; name = ARObjectViewTriple.m; path = Classes/ARObjectViewTriple.m; sourceTree = "<group>"; };
		2925E54011F49D3600D61772 /* ARControllerViewRadar.h */ = {isa = PBXFileReference; fileEncoding = 4; lastKnownFileType = sourcecode.c.h; name = ARControllerViewRadar.h; path = Classes/ARControllerViewRadar.h; sourceTree = "<group>"; };
		2925E54111F49D3600D61772 /* ARControllerViewRadar.m */ = {isa = PBXFileReference; fileEncoding = 4; lastKnownFileType = sourcecode.c.objc; name = ARControllerViewRadar.m; path = Classes/ARControllerViewRadar.m; sourceTree = "<group>"; };
		2925E54211F49D3600D61772 /* ARView.h */ = {isa = PBXFileReference; fileEncoding = 4; lastKnownFileType = sourcecode.c.h; name = ARView.h; path = Classes/ARView.h; sourceTree = "<group>"; };
		2925E54311F49D3600D61772 /* ARView.m */ = {isa = PBXFileReference; fileEncoding = 4; lastKnownFileType = sourcecode.c.objc; name = ARView.m; path = Classes/ARView.m; sourceTree = "<group>"; };
		2925E54411F49D3600D61772 /* ARControllerViewDelegate.h */ = {isa = PBXFileReference; fileEncoding = 4; lastKnownFileType = sourcecode.c.h; name = ARControllerViewDelegate.h; path = Classes/ARControllerViewDelegate.h; sourceTree = "<group>"; };
		2925E54511F49D3600D61772 /* ARViewDelegate.h */ = {isa = PBXFileReference; fileEncoding = 4; lastKnownFileType = sourcecode.c.h; name = ARViewDelegate.h; path = Classes/ARViewDelegate.h; sourceTree = "<group>"; };
		2925E54611F49D3600D61772 /* Utils.h */ = {isa = PBXFileReference; fileEncoding = 4; lastKnownFileType = sourcecode.c.h; name = Utils.h; path = Classes/Utils.h; sourceTree = "<group>"; };
		29489B4211ED15A2005B6F07 /* ARLocatingService.h */ = {isa = PBXFileReference; fileEncoding = 4; lastKnownFileType = sourcecode.c.h; name = ARLocatingService.h; path = Classes/ARLocatingService.h; sourceTree = "<group>"; };
		2984C1E011F5E78900240B85 /* Utils.m */ = {isa = PBXFileReference; fileEncoding = 4; lastKnownFileType = sourcecode.c.objc; name = Utils.m; path = ../narlib/Classes/Utils.m; sourceTree = SOURCE_ROOT; };
		2984C3B011F60C3E00240B85 /* radar_circle.png */ = {isa = PBXFileReference; lastKnownFileType = image.png; name = radar_circle.png; path = ../narlib/Images/radar_circle.png; sourceTree = SOURCE_ROOT; };
		298969E611F49368005256D8 /* CoreLocation.framework */ = {isa = PBXFileReference; lastKnownFileType = wrapper.framework; name = CoreLocation.framework; path = System/Library/Frameworks/CoreLocation.framework; sourceTree = SDKROOT; };
		298969EA11F4937B005256D8 /* QuartzCore.framework */ = {isa = PBXFileReference; lastKnownFileType = wrapper.framework; name = QuartzCore.framework; path = System/Library/Frameworks/QuartzCore.framework; sourceTree = SDKROOT; };
		29896A3811F495B6005256D8 /* UIKit.framework */ = {isa = PBXFileReference; lastKnownFileType = wrapper.framework; name = UIKit.framework; path = System/Library/Frameworks/UIKit.framework; sourceTree = SDKROOT; };
		299891A211EF6B1400681777 /* Foundation.framework */ = {isa = PBXFileReference; lastKnownFileType = wrapper.framework; name = Foundation.framework; path = System/Library/Frameworks/Foundation.framework; sourceTree = SDKROOT; };
		AA747D9E0F9514B9006C5449 /* nARLib_Prefix.pch */ = {isa = PBXFileReference; fileEncoding = 4; lastKnownFileType = sourcecode.c.h; path = nARLib_Prefix.pch; sourceTree = SOURCE_ROOT; };
		D2AAC07E0554694100DB518D /* libnARLib.a */ = {isa = PBXFileReference; explicitFileType = archive.ar; includeInIndex = 0; path = libnARLib.a; sourceTree = BUILT_PRODUCTS_DIR; };
/* End PBXFileReference section */

/* Begin PBXFrameworksBuildPhase section */
		D2AAC07C0554694100DB518D /* Frameworks */ = {
			isa = PBXFrameworksBuildPhase;
			buildActionMask = 2147483647;
			files = (
				299891A311EF6B1400681777 /* Foundation.framework in Frameworks */,
				298969E711F49368005256D8 /* CoreLocation.framework in Frameworks */,
				298969EB11F4937B005256D8 /* QuartzCore.framework in Frameworks */,
				29896A3911F495B6005256D8 /* UIKit.framework in Frameworks */,
			);
			runOnlyForDeploymentPostprocessing = 0;
		};
/* End PBXFrameworksBuildPhase section */

/* Begin PBXGroup section */
		034768DFFF38A50411DB9C8B /* Products */ = {
			isa = PBXGroup;
			children = (
				D2AAC07E0554694100DB518D /* libnARLib.a */,
			);
			name = Products;
			sourceTree = "<group>";
		};
		0867D691FE84028FC02AAC07 /* nARLib */ = {
			isa = PBXGroup;
			children = (
				08FB77AEFE84172EC02AAC07 /* Classes */,
				32C88DFF0371C24200C91783 /* Other Sources */,
				0867D69AFE84028FC02AAC07 /* Frameworks */,
				034768DFFF38A50411DB9C8B /* Products */,
			);
			name = nARLib;
			sourceTree = "<group>";
		};
		0867D69AFE84028FC02AAC07 /* Frameworks */ = {
			isa = PBXGroup;
			children = (
				299891A211EF6B1400681777 /* Foundation.framework */,
				298969E611F49368005256D8 /* CoreLocation.framework */,
				298969EA11F4937B005256D8 /* QuartzCore.framework */,
				29896A3811F495B6005256D8 /* UIKit.framework */,
			);
			name = Frameworks;
			sourceTree = "<group>";
		};
		08FB77AEFE84172EC02AAC07 /* Classes */ = {
			isa = PBXGroup;
			children = (
				2979DD3F11EF28E30080B36B /* Core */,
				2979DD3D11EF28A40080B36B /* Model */,
				2979DD3E11EF28BF0080B36B /* Views */,
				2979DD4011EF28FB0080B36B /* Controller Views */,
				2925E54611F49D3600D61772 /* Utils.h */,
				2984C1E011F5E78900240B85 /* Utils.m */,
			);
			name = Classes;
			sourceTree = "<group>";
		};
		2979DD3D11EF28A40080B36B /* Model */ = {
			isa = PBXGroup;
			children = (
				2925E53D11F49D3600D61772 /* ARObjectDelegate.h */,
				2925E53B11F49D3600D61772 /* ARObject.h */,
				2925E53C11F49D3600D61772 /* ARObject.m */,
				2925E53611F49D3600D61772 /* ARGeoLocation.h */,
				2925E53711F49D3600D61772 /* ARGeoLocation.m */,
				2925E53E11F49D3600D61772 /* ARObjectViewTriple.h */,
				2925E53F11F49D3600D61772 /* ARObjectViewTriple.m */,
			);
			name = Model;
			sourceTree = "<group>";
		};
		2979DD3E11EF28BF0080B36B /* Views */ = {
			isa = PBXGroup;
			children = (
				2925E54511F49D3600D61772 /* ARViewDelegate.h */,
				2925E54211F49D3600D61772 /* ARView.h */,
				2925E54311F49D3600D61772 /* ARView.m */,
			);
			name = Views;
			sourceTree = "<group>";
		};
		2979DD3F11EF28E30080B36B /* Core */ = {
			isa = PBXGroup;
			children = (
				29489B4211ED15A2005B6F07 /* ARLocatingService.h */,
				2925E53811F49D3600D61772 /* ARLocatingService.m */,
				2925E53911F49D3600D61772 /* ARNotificationCenter.h */,
				2925E53A11F49D3600D61772 /* ARNotificationCenter.m */,
				2925E53411F49D3600D61772 /* ARControllerView.h */,
				2925E53511F49D3600D61772 /* ARControllerView.m */,
			);
			name = Core;
			sourceTree = "<group>";
		};
		2979DD4011EF28FB0080B36B /* Controller Views */ = {
			isa = PBXGroup;
			children = (
				2925E54411F49D3600D61772 /* ARControllerViewDelegate.h */,
				2925E53211F49D3600D61772 /* ARControllerViewAugmentedReality.h */,
				2925E53311F49D3600D61772 /* ARControllerViewAugmentedReality.m */,
				2925E54011F49D3600D61772 /* ARControllerViewRadar.h */,
				2925E54111F49D3600D61772 /* ARControllerViewRadar.m */,
			);
			name = "Controller Views";
			sourceTree = "<group>";
		};
		32C88DFF0371C24200C91783 /* Other Sources */ = {
			isa = PBXGroup;
			children = (
				2984C3B011F60C3E00240B85 /* radar_circle.png */,
				AA747D9E0F9514B9006C5449 /* nARLib_Prefix.pch */,
			);
			name = "Other Sources";
			sourceTree = "<group>";
		};
/* End PBXGroup section */

/* Begin PBXHeadersBuildPhase section */
		D2AAC07A0554694100DB518D /* Headers */ = {
			isa = PBXHeadersBuildPhase;
			buildActionMask = 2147483647;
			files = (
				AA747D9F0F9514B9006C5449 /* nARLib_Prefix.pch in Headers */,
				29489B4411ED15A2005B6F07 /* ARLocatingService.h in Headers */,
				2925E54711F49D3600D61772 /* ARControllerViewAugmentedReality.h in Headers */,
				2925E54911F49D3600D61772 /* ARControllerView.h in Headers */,
				2925E54B11F49D3600D61772 /* ARGeoLocation.h in Headers */,
				2925E54E11F49D3600D61772 /* ARNotificationCenter.h in Headers */,
				2925E55011F49D3600D61772 /* ARObject.h in Headers */,
				2925E55211F49D3600D61772 /* ARObjectDelegate.h in Headers */,
				2925E55311F49D3600D61772 /* ARObjectViewTriple.h in Headers */,
				2925E55511F49D3600D61772 /* ARControllerViewRadar.h in Headers */,
				2925E55711F49D3600D61772 /* ARView.h in Headers */,
				2925E55911F49D3600D61772 /* ARControllerViewDelegate.h in Headers */,
				2925E55A11F49D3600D61772 /* ARViewDelegate.h in Headers */,
				2925E55B11F49D3600D61772 /* Utils.h in Headers */,
			);
			runOnlyForDeploymentPostprocessing = 0;
		};
/* End PBXHeadersBuildPhase section */

/* Begin PBXNativeTarget section */
		D2AAC07D0554694100DB518D /* nARLib */ = {
			isa = PBXNativeTarget;
			buildConfigurationList = 1DEB921E08733DC00010E9CD /* Build configuration list for PBXNativeTarget "nARLib" */;
			buildPhases = (
				D2AAC07A0554694100DB518D /* Headers */,
				D2AAC07B0554694100DB518D /* Sources */,
				D2AAC07C0554694100DB518D /* Frameworks */,
			);
			buildRules = (
			);
			dependencies = (
			);
			name = nARLib;
			productName = nARLib;
			productReference = D2AAC07E0554694100DB518D /* libnARLib.a */;
			productType = "com.apple.product-type.library.static";
		};
/* End PBXNativeTarget section */

/* Begin PBXProject section */
		0867D690FE84028FC02AAC07 /* Project object */ = {
			isa = PBXProject;
			attributes = {
				ORGANIZATIONNAME = "Naja's Corner";
			};
			buildConfigurationList = 1DEB922208733DC00010E9CD /* Build configuration list for PBXProject "nARLib" */;
			compatibilityVersion = "Xcode 3.1";
			developmentRegion = English;
			hasScannedForEncodings = 1;
			knownRegions = (
				English,
				Japanese,
				French,
				German,
			);
			mainGroup = 0867D691FE84028FC02AAC07 /* nARLib */;
			productRefGroup = 034768DFFF38A50411DB9C8B /* Products */;
			projectDirPath = "";
			projectRoot = "";
			targets = (
				D2AAC07D0554694100DB518D /* nARLib */,
			);
		};
/* End PBXProject section */

/* Begin PBXSourcesBuildPhase section */
		D2AAC07B0554694100DB518D /* Sources */ = {
			isa = PBXSourcesBuildPhase;
			buildActionMask = 2147483647;
			files = (
				2925E54811F49D3600D61772 /* ARControllerViewAugmentedReality.m in Sources */,
				2925E54A11F49D3600D61772 /* ARControllerView.m in Sources */,
				2925E54C11F49D3600D61772 /* ARGeoLocation.m in Sources */,
				2925E54D11F49D3600D61772 /* ARLocatingService.m in Sources */,
				2925E54F11F49D3600D61772 /* ARNotificationCenter.m in Sources */,
				2925E55111F49D3600D61772 /* ARObject.m in Sources */,
				2925E55411F49D3600D61772 /* ARObjectViewTriple.m in Sources */,
				2925E55611F49D3600D61772 /* ARControllerViewRadar.m in Sources */,
				2925E55811F49D3600D61772 /* ARView.m in Sources */,
				2984C1E111F5E78900240B85 /* Utils.m in Sources */,
			);
			runOnlyForDeploymentPostprocessing = 0;
		};
/* End PBXSourcesBuildPhase section */

/* Begin XCBuildConfiguration section */
		1DEB921F08733DC00010E9CD /* Debug */ = {
			isa = XCBuildConfiguration;
			buildSettings = {
				ALWAYS_SEARCH_USER_PATHS = NO;
				ARCHS = "$(ARCHS_STANDARD_32_BIT)";
				COPY_PHASE_STRIP = NO;
				DSTROOT = /tmp/nARLib.dst;
				GCC_DYNAMIC_NO_PIC = NO;
				GCC_ENABLE_FIX_AND_CONTINUE = YES;
				GCC_MODEL_TUNING = G5;
				GCC_OPTIMIZATION_LEVEL = 0;
				GCC_PRECOMPILE_PREFIX_HEADER = YES;
				GCC_PREFIX_HEADER = nARLib_Prefix.pch;
				INSTALL_PATH = /usr/local/lib;
				PRODUCT_NAME = nARLib;
			};
			name = Debug;
		};
		1DEB922008733DC00010E9CD /* Release */ = {
			isa = XCBuildConfiguration;
			buildSettings = {
				ALWAYS_SEARCH_USER_PATHS = NO;
				ARCHS = "$(ARCHS_STANDARD_32_BIT)";
				DSTROOT = /tmp/nARLib.dst;
				GCC_MODEL_TUNING = G5;
				GCC_PRECOMPILE_PREFIX_HEADER = YES;
				GCC_PREFIX_HEADER = nARLib_Prefix.pch;
				INSTALL_PATH = /usr/local/lib;
				PRODUCT_NAME = nARLib;
			};
			name = Release;
		};
		1DEB922308733DC00010E9CD /* Debug */ = {
			isa = XCBuildConfiguration;
			buildSettings = {
				ARCHS = "$(ARCHS_STANDARD_32_BIT)";
				GCC_C_LANGUAGE_STANDARD = c99;
				GCC_OPTIMIZATION_LEVEL = 0;
				GCC_WARN_ABOUT_RETURN_TYPE = YES;
				GCC_WARN_UNUSED_VARIABLE = YES;
				IPHONEOS_DEPLOYMENT_TARGET = 3.1;
				OTHER_LDFLAGS = "";
				PREBINDING = NO;
				SDKROOT = iphoneos4.1;
			};
			name = Debug;
		};
		1DEB922408733DC00010E9CD /* Release */ = {
			isa = XCBuildConfiguration;
			buildSettings = {
				ARCHS = "$(ARCHS_STANDARD_32_BIT)";
				GCC_C_LANGUAGE_STANDARD = c99;
				GCC_WARN_ABOUT_RETURN_TYPE = YES;
				GCC_WARN_UNUSED_VARIABLE = YES;
				IPHONEOS_DEPLOYMENT_TARGET = 3.1;
				OTHER_LDFLAGS = "";
				PREBINDING = NO;
				SDKROOT = iphoneos4.1;
			};
			name = Release;
		};
/* End XCBuildConfiguration section */

/* Begin XCConfigurationList section */
		1DEB921E08733DC00010E9CD /* Build configuration list for PBXNativeTarget "nARLib" */ = {
			isa = XCConfigurationList;
			buildConfigurations = (
				1DEB921F08733DC00010E9CD /* Debug */,
				1DEB922008733DC00010E9CD /* Release */,
			);
			defaultConfigurationIsVisible = 0;
			defaultConfigurationName = Release;
		};
		1DEB922208733DC00010E9CD /* Build configuration list for PBXProject "nARLib" */ = {
			isa = XCConfigurationList;
			buildConfigurations = (
				1DEB922308733DC00010E9CD /* Debug */,
				1DEB922408733DC00010E9CD /* Release */,
			);
			defaultConfigurationIsVisible = 0;
			defaultConfigurationName = Release;
		};
/* End XCConfigurationList section */
	};
	rootObject = 0867D690FE84028FC02AAC07 /* Project object */;
}
