// !$*UTF8*$!
{
	archiveVersion = 1;
	classes = {
	};
	objectVersion = 45;
	objects = {

/* Begin PBXBuildFile section */
		1D3623260D0F684500981E51 /* ExampleAppDelegate.m in Sources */ = {isa = PBXBuildFile; fileRef = 1D3623250D0F684500981E51 /* ExampleAppDelegate.m */; };
		1D60589B0D05DD56006BFB54 /* main.m in Sources */ = {isa = PBXBuildFile; fileRef = 29B97316FDCFA39411CA2CEA /* main.m */; };
		1D60589F0D05DD5A006BFB54 /* Foundation.framework in Frameworks */ = {isa = PBXBuildFile; fileRef = 1D30AB110D05D00D00671497 /* Foundation.framework */; };
		1DF5F4E00D08C38300B7A737 /* UIKit.framework in Frameworks */ = {isa = PBXBuildFile; fileRef = 1DF5F4DF0D08C38300B7A737 /* UIKit.framework */; };
		288765A50DF7441C002DB57D /* CoreGraphics.framework in Frameworks */ = {isa = PBXBuildFile; fileRef = 288765A40DF7441C002DB57D /* CoreGraphics.framework */; };
		2899E5220DE3E06400AC0155 /* ExampleViewController.xib in Resources */ = {isa = PBXBuildFile; fileRef = 2899E5210DE3E06400AC0155 /* ExampleViewController.xib */; };
		28AD733F0D9D9553002E5188 /* MainWindow.xib in Resources */ = {isa = PBXBuildFile; fileRef = 28AD733E0D9D9553002E5188 /* MainWindow.xib */; };
		28D7ACF80DDB3853001CB0EB /* ExampleViewController.m in Sources */ = {isa = PBXBuildFile; fileRef = 28D7ACF70DDB3853001CB0EB /* ExampleViewController.m */; };
		290E6CFC12CC9B5C00E88DE4 /* CoreLocation.framework in Frameworks */ = {isa = PBXBuildFile; fileRef = 290E6CFB12CC9B5C00E88DE4 /* CoreLocation.framework */; };
		290E6CFE12CC9B5C00E88DE4 /* QuartzCore.framework in Frameworks */ = {isa = PBXBuildFile; fileRef = 290E6CFD12CC9B5C00E88DE4 /* QuartzCore.framework */; };
		290E6D1612CC9B7A00E88DE4 /* radar_circle.png in Resources */ = {isa = PBXBuildFile; fileRef = 290E6D1312CC9B7A00E88DE4 /* radar_circle.png */; };
		290E6D1712CC9B7A00E88DE4 /* libnARLib.a in Frameworks */ = {isa = PBXBuildFile; fileRef = 290E6D1412CC9B7A00E88DE4 /* libnARLib.a */; };
		290E6D1812CC9B7A00E88DE4 /* readme.txt in Resources */ = {isa = PBXBuildFile; fileRef = 290E6D1512CC9B7A00E88DE4 /* readme.txt */; };
		290E6D3F12CC9E6900E88DE4 /* ExampleARObject.m in Sources */ = {isa = PBXBuildFile; fileRef = 290E6D3E12CC9E6900E88DE4 /* ExampleARObject.m */; };
		290E6D4212CC9E7B00E88DE4 /* ExampleARGeoLocation.m in Sources */ = {isa = PBXBuildFile; fileRef = 290E6D4112CC9E7B00E88DE4 /* ExampleARGeoLocation.m */; };
		290E6D4512CC9F1200E88DE4 /* ExampleARView.m in Sources */ = {isa = PBXBuildFile; fileRef = 290E6D4412CC9F1200E88DE4 /* ExampleARView.m */; };
/* End PBXBuildFile section */

/* Begin PBXFileReference section */
		1D30AB110D05D00D00671497 /* Foundation.framework */ = {isa = PBXFileReference; lastKnownFileType = wrapper.framework; name = Foundation.framework; path = System/Library/Frameworks/Foundation.framework; sourceTree = SDKROOT; };
		1D3623240D0F684500981E51 /* ExampleAppDelegate.h */ = {isa = PBXFileReference; fileEncoding = 4; lastKnownFileType = sourcecode.c.h; path = ExampleAppDelegate.h; sourceTree = "<group>"; };
		1D3623250D0F684500981E51 /* ExampleAppDelegate.m */ = {isa = PBXFileReference; fileEncoding = 4; lastKnownFileType = sourcecode.c.objc; path = ExampleAppDelegate.m; sourceTree = "<group>"; };
		1D6058910D05DD3D006BFB54 /* example.app */ = {isa = PBXFileReference; explicitFileType = wrapper.application; includeInIndex = 0; path = example.app; sourceTree = BUILT_PRODUCTS_DIR; };
		1DF5F4DF0D08C38300B7A737 /* UIKit.framework */ = {isa = PBXFileReference; lastKnownFileType = wrapper.framework; name = UIKit.framework; path = System/Library/Frameworks/UIKit.framework; sourceTree = SDKROOT; };
		288765A40DF7441C002DB57D /* CoreGraphics.framework */ = {isa = PBXFileReference; lastKnownFileType = wrapper.framework; name = CoreGraphics.framework; path = System/Library/Frameworks/CoreGraphics.framework; sourceTree = SDKROOT; };
		2899E5210DE3E06400AC0155 /* ExampleViewController.xib */ = {isa = PBXFileReference; lastKnownFileType = file.xib; path = ExampleViewController.xib; sourceTree = "<group>"; };
		28AD733E0D9D9553002E5188 /* MainWindow.xib */ = {isa = PBXFileReference; lastKnownFileType = file.xib; path = MainWindow.xib; sourceTree = "<group>"; };
		28D7ACF60DDB3853001CB0EB /* ExampleViewController.h */ = {isa = PBXFileReference; fileEncoding = 4; lastKnownFileType = sourcecode.c.h; path = ExampleViewController.h; sourceTree = "<group>"; };
		28D7ACF70DDB3853001CB0EB /* ExampleViewController.m */ = {isa = PBXFileReference; fileEncoding = 4; lastKnownFileType = sourcecode.c.objc; path = ExampleViewController.m; sourceTree = "<group>"; };
		290E6CFB12CC9B5C00E88DE4 /* CoreLocation.framework */ = {isa = PBXFileReference; lastKnownFileType = wrapper.framework; name = CoreLocation.framework; path = System/Library/Frameworks/CoreLocation.framework; sourceTree = SDKROOT; };
		290E6CFD12CC9B5C00E88DE4 /* QuartzCore.framework */ = {isa = PBXFileReference; lastKnownFileType = wrapper.framework; name = QuartzCore.framework; path = System/Library/Frameworks/QuartzCore.framework; sourceTree = SDKROOT; };
		290E6D0512CC9B7A00E88DE4 /* ARControllerView.h */ = {isa = PBXFileReference; fileEncoding = 4; lastKnownFileType = sourcecode.c.h; path = ARControllerView.h; sourceTree = "<group>"; };
		290E6D0612CC9B7A00E88DE4 /* ARControllerViewAugmentedReality.h */ = {isa = PBXFileReference; fileEncoding = 4; lastKnownFileType = sourcecode.c.h; path = ARControllerViewAugmentedReality.h; sourceTree = "<group>"; };
		290E6D0712CC9B7A00E88DE4 /* ARControllerViewDelegate.h */ = {isa = PBXFileReference; fileEncoding = 4; lastKnownFileType = sourcecode.c.h; path = ARControllerViewDelegate.h; sourceTree = "<group>"; };
		290E6D0812CC9B7A00E88DE4 /* ARControllerViewRadar.h */ = {isa = PBXFileReference; fileEncoding = 4; lastKnownFileType = sourcecode.c.h; path = ARControllerViewRadar.h; sourceTree = "<group>"; };
		290E6D0912CC9B7A00E88DE4 /* ARGeoLocation.h */ = {isa = PBXFileReference; fileEncoding = 4; lastKnownFileType = sourcecode.c.h; path = ARGeoLocation.h; sourceTree = "<group>"; };
		290E6D0A12CC9B7A00E88DE4 /* ARLocatingService.h */ = {isa = PBXFileReference; fileEncoding = 4; lastKnownFileType = sourcecode.c.h; path = ARLocatingService.h; sourceTree = "<group>"; };
		290E6D0B12CC9B7A00E88DE4 /* ARNotificationCenter.h */ = {isa = PBXFileReference; fileEncoding = 4; lastKnownFileType = sourcecode.c.h; path = ARNotificationCenter.h; sourceTree = "<group>"; };
		290E6D0C12CC9B7A00E88DE4 /* ARObject.h */ = {isa = PBXFileReference; fileEncoding = 4; lastKnownFileType = sourcecode.c.h; path = ARObject.h; sourceTree = "<group>"; };
		290E6D0D12CC9B7A00E88DE4 /* ARObjectDelegate.h */ = {isa = PBXFileReference; fileEncoding = 4; lastKnownFileType = sourcecode.c.h; path = ARObjectDelegate.h; sourceTree = "<group>"; };
		290E6D0E12CC9B7A00E88DE4 /* ARObjectViewTriple.h */ = {isa = PBXFileReference; fileEncoding = 4; lastKnownFileType = sourcecode.c.h; path = ARObjectViewTriple.h; sourceTree = "<group>"; };
		290E6D0F12CC9B7A00E88DE4 /* ARView.h */ = {isa = PBXFileReference; fileEncoding = 4; lastKnownFileType = sourcecode.c.h; path = ARView.h; sourceTree = "<group>"; };
		290E6D1012CC9B7A00E88DE4 /* ARViewDelegate.h */ = {isa = PBXFileReference; fileEncoding = 4; lastKnownFileType = sourcecode.c.h; path = ARViewDelegate.h; sourceTree = "<group>"; };
		290E6D1112CC9B7A00E88DE4 /* Utils.h */ = {isa = PBXFileReference; fileEncoding = 4; lastKnownFileType = sourcecode.c.h; path = Utils.h; sourceTree = "<group>"; };
		290E6D1312CC9B7A00E88DE4 /* radar_circle.png */ = {isa = PBXFileReference; lastKnownFileType = image.png; path = radar_circle.png; sourceTree = "<group>"; };
		290E6D1412CC9B7A00E88DE4 /* libnARLib.a */ = {isa = PBXFileReference; lastKnownFileType = archive.ar; name = libnARLib.a; path = nARLib/libnARLib.a; sourceTree = "<group>"; };
		290E6D1512CC9B7A00E88DE4 /* readme.txt */ = {isa = PBXFileReference; fileEncoding = 4; lastKnownFileType = text; path = readme.txt; sourceTree = "<group>"; };
		290E6D3D12CC9E6900E88DE4 /* ExampleARObject.h */ = {isa = PBXFileReference; fileEncoding = 4; lastKnownFileType = sourcecode.c.h; path = ExampleARObject.h; sourceTree = "<group>"; };
		290E6D3E12CC9E6900E88DE4 /* ExampleARObject.m */ = {isa = PBXFileReference; fileEncoding = 4; lastKnownFileType = sourcecode.c.objc; path = ExampleARObject.m; sourceTree = "<group>"; };
		290E6D4012CC9E7B00E88DE4 /* ExampleARGeoLocation.h */ = {isa = PBXFileReference; fileEncoding = 4; lastKnownFileType = sourcecode.c.h; path = ExampleARGeoLocation.h; sourceTree = "<group>"; };
		290E6D4112CC9E7B00E88DE4 /* ExampleARGeoLocation.m */ = {isa = PBXFileReference; fileEncoding = 4; lastKnownFileType = sourcecode.c.objc; path = ExampleARGeoLocation.m; sourceTree = "<group>"; };
		290E6D4312CC9F1200E88DE4 /* ExampleARView.h */ = {isa = PBXFileReference; fileEncoding = 4; lastKnownFileType = sourcecode.c.h; path = ExampleARView.h; sourceTree = "<group>"; };
		290E6D4412CC9F1200E88DE4 /* ExampleARView.m */ = {isa = PBXFileReference; fileEncoding = 4; lastKnownFileType = sourcecode.c.objc; path = ExampleARView.m; sourceTree = "<group>"; };
		29B97316FDCFA39411CA2CEA /* main.m */ = {isa = PBXFileReference; fileEncoding = 4; lastKnownFileType = sourcecode.c.objc; path = main.m; sourceTree = "<group>"; };
		32CA4F630368D1EE00C91783 /* example_Prefix.pch */ = {isa = PBXFileReference; fileEncoding = 4; lastKnownFileType = sourcecode.c.h; path = example_Prefix.pch; sourceTree = "<group>"; };
		8D1107310486CEB800E47090 /* example-Info.plist */ = {isa = PBXFileReference; fileEncoding = 4; lastKnownFileType = text.plist.xml; path = "example-Info.plist"; plistStructureDefinitionIdentifier = "com.apple.xcode.plist.structure-definition.iphone.info-plist"; sourceTree = "<group>"; };
/* End PBXFileReference section */

/* Begin PBXFrameworksBuildPhase section */
		1D60588F0D05DD3D006BFB54 /* Frameworks */ = {
			isa = PBXFrameworksBuildPhase;
			buildActionMask = 2147483647;
			files = (
				1D60589F0D05DD5A006BFB54 /* Foundation.framework in Frameworks */,
				1DF5F4E00D08C38300B7A737 /* UIKit.framework in Frameworks */,
				288765A50DF7441C002DB57D /* CoreGraphics.framework in Frameworks */,
				290E6CFC12CC9B5C00E88DE4 /* CoreLocation.framework in Frameworks */,
				290E6CFE12CC9B5C00E88DE4 /* QuartzCore.framework in Frameworks */,
				290E6D1712CC9B7A00E88DE4 /* libnARLib.a in Frameworks */,
			);
			runOnlyForDeploymentPostprocessing = 0;
		};
/* End PBXFrameworksBuildPhase section */

/* Begin PBXGroup section */
		080E96DDFE201D6D7F000001 /* Classes */ = {
			isa = PBXGroup;
			children = (
				1D3623240D0F684500981E51 /* ExampleAppDelegate.h */,
				1D3623250D0F684500981E51 /* ExampleAppDelegate.m */,
				28D7ACF60DDB3853001CB0EB /* ExampleViewController.h */,
				28D7ACF70DDB3853001CB0EB /* ExampleViewController.m */,
				290E6D3D12CC9E6900E88DE4 /* ExampleARObject.h */,
				290E6D3E12CC9E6900E88DE4 /* ExampleARObject.m */,
				290E6D4012CC9E7B00E88DE4 /* ExampleARGeoLocation.h */,
				290E6D4112CC9E7B00E88DE4 /* ExampleARGeoLocation.m */,
				290E6D4312CC9F1200E88DE4 /* ExampleARView.h */,
				290E6D4412CC9F1200E88DE4 /* ExampleARView.m */,
			);
			path = Classes;
			sourceTree = "<group>";
		};
		19C28FACFE9D520D11CA2CBB /* Products */ = {
			isa = PBXGroup;
			children = (
				1D6058910D05DD3D006BFB54 /* example.app */,
			);
			name = Products;
			sourceTree = "<group>";
		};
		290E6D0312CC9B7A00E88DE4 /* nARLib */ = {
			isa = PBXGroup;
			children = (
				290E6D0412CC9B7A00E88DE4 /* Headers */,
				290E6D1212CC9B7A00E88DE4 /* Images */,
				290E6D1512CC9B7A00E88DE4 /* readme.txt */,
			);
			path = nARLib;
			sourceTree = "<group>";
		};
		290E6D0412CC9B7A00E88DE4 /* Headers */ = {
			isa = PBXGroup;
			children = (
				290E6D0512CC9B7A00E88DE4 /* ARControllerView.h */,
				290E6D0612CC9B7A00E88DE4 /* ARControllerViewAugmentedReality.h */,
				290E6D0712CC9B7A00E88DE4 /* ARControllerViewDelegate.h */,
				290E6D0812CC9B7A00E88DE4 /* ARControllerViewRadar.h */,
				290E6D0912CC9B7A00E88DE4 /* ARGeoLocation.h */,
				290E6D0A12CC9B7A00E88DE4 /* ARLocatingService.h */,
				290E6D0B12CC9B7A00E88DE4 /* ARNotificationCenter.h */,
				290E6D0C12CC9B7A00E88DE4 /* ARObject.h */,
				290E6D0D12CC9B7A00E88DE4 /* ARObjectDelegate.h */,
				290E6D0E12CC9B7A00E88DE4 /* ARObjectViewTriple.h */,
				290E6D0F12CC9B7A00E88DE4 /* ARView.h */,
				290E6D1012CC9B7A00E88DE4 /* ARViewDelegate.h */,
				290E6D1112CC9B7A00E88DE4 /* Utils.h */,
			);
			path = Headers;
			sourceTree = "<group>";
		};
		290E6D1212CC9B7A00E88DE4 /* Images */ = {
			isa = PBXGroup;
			children = (
				290E6D1312CC9B7A00E88DE4 /* radar_circle.png */,
			);
			path = Images;
			sourceTree = "<group>";
		};
		29B97314FDCFA39411CA2CEA /* CustomTemplate */ = {
			isa = PBXGroup;
			children = (
				290E6D0312CC9B7A00E88DE4 /* nARLib */,
				080E96DDFE201D6D7F000001 /* Classes */,
				29B97315FDCFA39411CA2CEA /* Other Sources */,
				29B97317FDCFA39411CA2CEA /* Resources */,
				29B97323FDCFA39411CA2CEA /* Frameworks */,
				19C28FACFE9D520D11CA2CBB /* Products */,
			);
			name = CustomTemplate;
			sourceTree = "<group>";
		};
		29B97315FDCFA39411CA2CEA /* Other Sources */ = {
			isa = PBXGroup;
			children = (
				32CA4F630368D1EE00C91783 /* example_Prefix.pch */,
				29B97316FDCFA39411CA2CEA /* main.m */,
			);
			name = "Other Sources";
			sourceTree = "<group>";
		};
		29B97317FDCFA39411CA2CEA /* Resources */ = {
			isa = PBXGroup;
			children = (
				2899E5210DE3E06400AC0155 /* ExampleViewController.xib */,
				28AD733E0D9D9553002E5188 /* MainWindow.xib */,
				8D1107310486CEB800E47090 /* example-Info.plist */,
			);
			name = Resources;
			sourceTree = "<group>";
		};
		29B97323FDCFA39411CA2CEA /* Frameworks */ = {
			isa = PBXGroup;
			children = (
				290E6D1412CC9B7A00E88DE4 /* libnARLib.a */,
				1DF5F4DF0D08C38300B7A737 /* UIKit.framework */,
				1D30AB110D05D00D00671497 /* Foundation.framework */,
				288765A40DF7441C002DB57D /* CoreGraphics.framework */,
				290E6CFB12CC9B5C00E88DE4 /* CoreLocation.framework */,
				290E6CFD12CC9B5C00E88DE4 /* QuartzCore.framework */,
			);
			name = Frameworks;
			sourceTree = "<group>";
		};
/* End PBXGroup section */

/* Begin PBXNativeTarget section */
		1D6058900D05DD3D006BFB54 /* example */ = {
			isa = PBXNativeTarget;
			buildConfigurationList = 1D6058960D05DD3E006BFB54 /* Build configuration list for PBXNativeTarget "example" */;
			buildPhases = (
				1D60588D0D05DD3D006BFB54 /* Resources */,
				1D60588E0D05DD3D006BFB54 /* Sources */,
				1D60588F0D05DD3D006BFB54 /* Frameworks */,
			);
			buildRules = (
			);
			dependencies = (
			);
			name = example;
			productName = example;
			productReference = 1D6058910D05DD3D006BFB54 /* example.app */;
			productType = "com.apple.product-type.application";
		};
/* End PBXNativeTarget section */

/* Begin PBXProject section */
		29B97313FDCFA39411CA2CEA /* Project object */ = {
			isa = PBXProject;
			buildConfigurationList = C01FCF4E08A954540054247B /* Build configuration list for PBXProject "example" */;
			compatibilityVersion = "Xcode 3.1";
			developmentRegion = English;
			hasScannedForEncodings = 1;
			knownRegions = (
				English,
				Japanese,
				French,
				German,
			);
			mainGroup = 29B97314FDCFA39411CA2CEA /* CustomTemplate */;
			projectDirPath = "";
			projectRoot = "";
			targets = (
				1D6058900D05DD3D006BFB54 /* example */,
			);
		};
/* End PBXProject section */

/* Begin PBXResourcesBuildPhase section */
		1D60588D0D05DD3D006BFB54 /* Resources */ = {
			isa = PBXResourcesBuildPhase;
			buildActionMask = 2147483647;
			files = (
				28AD733F0D9D9553002E5188 /* MainWindow.xib in Resources */,
				2899E5220DE3E06400AC0155 /* ExampleViewController.xib in Resources */,
				290E6D1612CC9B7A00E88DE4 /* radar_circle.png in Resources */,
				290E6D1812CC9B7A00E88DE4 /* readme.txt in Resources */,
			);
			runOnlyForDeploymentPostprocessing = 0;
		};
/* End PBXResourcesBuildPhase section */

/* Begin PBXSourcesBuildPhase section */
		1D60588E0D05DD3D006BFB54 /* Sources */ = {
			isa = PBXSourcesBuildPhase;
			buildActionMask = 2147483647;
			files = (
				1D60589B0D05DD56006BFB54 /* main.m in Sources */,
				1D3623260D0F684500981E51 /* ExampleAppDelegate.m in Sources */,
				28D7ACF80DDB3853001CB0EB /* ExampleViewController.m in Sources */,
				290E6D3F12CC9E6900E88DE4 /* ExampleARObject.m in Sources */,
				290E6D4212CC9E7B00E88DE4 /* ExampleARGeoLocation.m in Sources */,
				290E6D4512CC9F1200E88DE4 /* ExampleARView.m in Sources */,
			);
			runOnlyForDeploymentPostprocessing = 0;
		};
/* End PBXSourcesBuildPhase section */

/* Begin XCBuildConfiguration section */
		1D6058940D05DD3E006BFB54 /* Debug */ = {
			isa = XCBuildConfiguration;
			buildSettings = {
				ALWAYS_SEARCH_USER_PATHS = NO;
				COPY_PHASE_STRIP = NO;
				GCC_DYNAMIC_NO_PIC = NO;
				GCC_OPTIMIZATION_LEVEL = 0;
				GCC_PRECOMPILE_PREFIX_HEADER = YES;
				GCC_PREFIX_HEADER = example_Prefix.pch;
				INFOPLIST_FILE = "example-Info.plist";
				LIBRARY_SEARCH_PATHS = (
					"$(inherited)",
					"\"$(SRCROOT)/nARLib\"",
				);
				PRODUCT_NAME = example;
			};
			name = Debug;
		};
		1D6058950D05DD3E006BFB54 /* Release */ = {
			isa = XCBuildConfiguration;
			buildSettings = {
				ALWAYS_SEARCH_USER_PATHS = NO;
				COPY_PHASE_STRIP = YES;
				GCC_PRECOMPILE_PREFIX_HEADER = YES;
				GCC_PREFIX_HEADER = example_Prefix.pch;
				INFOPLIST_FILE = "example-Info.plist";
				LIBRARY_SEARCH_PATHS = (
					"$(inherited)",
					"\"$(SRCROOT)/nARLib\"",
				);
				PRODUCT_NAME = example;
				VALIDATE_PRODUCT = YES;
			};
			name = Release;
		};
		C01FCF4F08A954540054247B /* Debug */ = {
			isa = XCBuildConfiguration;
			buildSettings = {
				ARCHS = "$(ARCHS_STANDARD_32_BIT)";
				"CODE_SIGN_IDENTITY[sdk=iphoneos*]" = "iPhone Developer";
				GCC_C_LANGUAGE_STANDARD = c99;
				GCC_WARN_ABOUT_RETURN_TYPE = YES;
				GCC_WARN_UNUSED_VARIABLE = YES;
				IPHONEOS_DEPLOYMENT_TARGET = 3.1;
				PREBINDING = NO;
				SDKROOT = iphoneos;
			};
			name = Debug;
		};
		C01FCF5008A954540054247B /* Release */ = {
			isa = XCBuildConfiguration;
			buildSettings = {
				ARCHS = "$(ARCHS_STANDARD_32_BIT)";
				"CODE_SIGN_IDENTITY[sdk=iphoneos*]" = "iPhone Developer";
				GCC_C_LANGUAGE_STANDARD = c99;
				GCC_WARN_ABOUT_RETURN_TYPE = YES;
				GCC_WARN_UNUSED_VARIABLE = YES;
				IPHONEOS_DEPLOYMENT_TARGET = 3.1;
				OTHER_CFLAGS = "-DNS_BLOCK_ASSERTIONS=1";
				PREBINDING = NO;
				SDKROOT = iphoneos;
			};
			name = Release;
		};
/* End XCBuildConfiguration section */

/* Begin XCConfigurationList section */
		1D6058960D05DD3E006BFB54 /* Build configuration list for PBXNativeTarget "example" */ = {
			isa = XCConfigurationList;
			buildConfigurations = (
				1D6058940D05DD3E006BFB54 /* Debug */,
				1D6058950D05DD3E006BFB54 /* Release */,
			);
			defaultConfigurationIsVisible = 0;
			defaultConfigurationName = Release;
		};
		C01FCF4E08A954540054247B /* Build configuration list for PBXProject "example" */ = {
			isa = XCConfigurationList;
			buildConfigurations = (
				C01FCF4F08A954540054247B /* Debug */,
				C01FCF5008A954540054247B /* Release */,
			);
			defaultConfigurationIsVisible = 0;
			defaultConfigurationName = Release;
		};
/* End XCConfigurationList section */
	};
	rootObject = 29B97313FDCFA39411CA2CEA /* Project object */;
}
